
Microsoft Visual Studio Solution File, Format Version 12.00
# Visual Studio Version 17
VisualStudioVersion = 17.2.32630.192
MinimumVisualStudioVersion = 10.0.40219.1
Project("{9A19103F-16F7-4668-BE54-9A1E7A4F7556}") = "ReadyTech", "ReadyTech\ReadyTech.csproj", "{BD69FCB2-D3BF-4B43-BE05-387D57A474DA}"
EndProject
Project("{2150E333-8FDC-42A3-9474-1A3956D46DE8}") = "Solution Items", "Solution Items", "{0DDAD14B-0712-450A-A4F2-0EF70062780F}"
	ProjectSection(SolutionItems) = preProject
		.editorconfig = .editorconfig
	EndProjectSection
EndProject
Project("{9A19103F-16F7-4668-BE54-9A1E7A4F7556}") = "ReadyTech.Test", "ReadyTechTest\ReadyTech.Test.csproj", "{D8D13973-7E9A-4554-9603-17D287616E4C}"
EndProject
Global
	GlobalSection(SolutionConfigurationPlatforms) = preSolution
		Debug|Any CPU = Debug|Any CPU
		Release|Any CPU = Release|Any CPU
	EndGlobalSection
	GlobalSection(ProjectConfigurationPlatforms) = postSolution
		{BD69FCB2-D3BF-4B43-BE05-387D57A474DA}.Debug|Any CPU.ActiveCfg = Debug|Any CPU
		{BD69FCB2-D3BF-4B43-BE05-387D57A474DA}.Debug|Any CPU.Build.0 = Debug|Any CPU
		{BD69FCB2-D3BF-4B43-BE05-387D57A474DA}.Release|Any CPU.ActiveCfg = Release|Any CPU
		{BD69FCB2-D3BF-4B43-BE05-387D57A474DA}.Release|Any CPU.Build.0 = Release|Any CPU
		{D8D13973-7E9A-4554-9603-17D287616E4C}.Debug|Any CPU.ActiveCfg = Debug|Any CPU
		{D8D13973-7E9A-4554-9603-17D287616E4C}.Debug|Any CPU.Build.0 = Debug|Any CPU
		{D8D13973-7E9A-4554-9603-17D287616E4C}.Release|Any CPU.ActiveCfg = Release|Any CPU
		{D8D13973-7E9A-4554-9603-17D287616E4C}.Release|Any CPU.Build.0 = Release|Any CPU
	EndGlobalSection
	GlobalSection(SolutionProperties) = preSolution
		HideSolutionNode = FALSE
	EndGlobalSection
	GlobalSection(ExtensibilityGlobals) = postSolution
		SolutionGuid = {95D8CA47-6D28-4B97-B6B6-41D93CC4B788}
	EndGlobalSection
EndGlobal
